
Microsoft Visual Studio Solution File, Format Version 12.00
# Visual Studio Version 16
VisualStudioVersion = 16.0.31702.278
MinimumVisualStudioVersion = 10.0.40219.1
Project("{FAE04EC0-301F-11D3-BF4B-00C04F79EFBC}") = "projetConsole", "projetConsole\projetConsole.csproj", "{F7D6CF83-87AD-48C1-9E58-B9F0F7D10738}"
EndProject
Project("{FAE04EC0-301F-11D3-BF4B-00C04F79EFBC}") = "ProjetDLL", "ProjetDLL\ProjetDLL.csproj", "{07D13CBA-75DC-4C85-9FF3-0569F69CED85}"
EndProject
Project("{FAE04EC0-301F-11D3-BF4B-00C04F79EFBC}") = "TP_Calculatrice", "TP_Calculatrice\TP_Calculatrice.csproj", "{7F1B431C-6065-4A62-9BE8-E5F9F53B307B}"
EndProject
Global
	GlobalSection(SolutionConfigurationPlatforms) = preSolution
		Debug|Any CPU = Debug|Any CPU
		Release|Any CPU = Release|Any CPU
	EndGlobalSection
	GlobalSection(ProjectConfigurationPlatforms) = postSolution
		{F7D6CF83-87AD-48C1-9E58-B9F0F7D10738}.Debug|Any CPU.ActiveCfg = Debug|Any CPU
		{F7D6CF83-87AD-48C1-9E58-B9F0F7D10738}.Debug|Any CPU.Build.0 = Debug|Any CPU
		{F7D6CF83-87AD-48C1-9E58-B9F0F7D10738}.Release|Any CPU.ActiveCfg = Release|Any CPU
		{F7D6CF83-87AD-48C1-9E58-B9F0F7D10738}.Release|Any CPU.Build.0 = Release|Any CPU
		{07D13CBA-75DC-4C85-9FF3-0569F69CED85}.Debug|Any CPU.ActiveCfg = Debug|Any CPU
		{07D13CBA-75DC-4C85-9FF3-0569F69CED85}.Debug|Any CPU.Build.0 = Debug|Any CPU
		{07D13CBA-75DC-4C85-9FF3-0569F69CED85}.Release|Any CPU.ActiveCfg = Release|Any CPU
		{07D13CBA-75DC-4C85-9FF3-0569F69CED85}.Release|Any CPU.Build.0 = Release|Any CPU
		{7F1B431C-6065-4A62-9BE8-E5F9F53B307B}.Debug|Any CPU.ActiveCfg = Debug|Any CPU
		{7F1B431C-6065-4A62-9BE8-E5F9F53B307B}.Debug|Any CPU.Build.0 = Debug|Any CPU
		{7F1B431C-6065-4A62-9BE8-E5F9F53B307B}.Release|Any CPU.ActiveCfg = Release|Any CPU
		{7F1B431C-6065-4A62-9BE8-E5F9F53B307B}.Release|Any CPU.Build.0 = Release|Any CPU
	EndGlobalSection
	GlobalSection(SolutionProperties) = preSolution
		HideSolutionNode = FALSE
	EndGlobalSection
	GlobalSection(ExtensibilityGlobals) = postSolution
		SolutionGuid = {FA190515-52CF-4644-A6E4-0BA39565DBBA}
	EndGlobalSection
EndGlobal
